<?xml version="1.0" encoding="UTF-8" standalone="yes" ?>
<CodeBlocks_project_file>
	<FileVersion major="1" minor="6" />
	<Project>
		<Option title="prog" />
		<Option pch_mode="2" />
		<Option compiler="gcc" />
		<Build>
			<Target title="Debug">
				<Option output="bin/Debug/prog" prefix_auto="1" extension_auto="1" />
				<Option object_output="obj/Debug/" />
				<Option type="1" />
				<Option compiler="gcc" />
				<Compiler>
					<Add option="-g" />
				</Compiler>
			</Target>
			<Target title="Release">
				<Option output="bin/Release/prog" prefix_auto="1" extension_auto="1" />
				<Option object_output="obj/Release/" />
				<Option type="1" />
				<Option compiler="gcc" />
				<Compiler>
					<Add option="-O2" />
				</Compiler>
				<Linker>
					<Add option="-s" />
				</Linker>
			</Target>
		</Build>
		<Compiler>
			<Add option="-Wall" />
		</Compiler>
		<Unit filename="../.gitattributes" />
		<Unit filename="../2dGame.exe.stackdump" />
		<Unit filename="../Documentation_2dGame.txt" />
		<Unit filename="../README.md" />
		<Unit filename="../background1.txt" />
		<Unit filename="../char1.txt" />
		<Unit filename="../character.txt" />
		<Unit filename="../enemy.c">
			<Option compilerVar="CC" />
		</Unit>
		<Unit filename="../enemy.h" />
		<Unit filename="../enemy1.txt" />
		<Unit filename="../hatter.txt" />
		<Unit filename="../jatekmechanika.c">
			<Option compilerVar="CC" />
		</Unit>
		<Unit filename="../jatekmechanika.h" />
		<Unit filename="../mainmodule.c">
			<Option compilerVar="CC" />
		</Unit>
		<Unit filename="../menu.c">
			<Option compilerVar="CC" />
		</Unit>
		<Unit filename="../menu.h" />
		<Unit filename="../menu.txt" />
		<Unit filename="../struktura.c">
			<Option compilerVar="CC" />
		</Unit>
		<Unit filename="../struktura.h" />
		<Unit filename="../sword1.txt" />
		<Unit filename="../tombman.c">
			<Option compilerVar="CC" />
		</Unit>
		<Unit filename="../tombman.h" />
		<Extensions>
			<code_completion />
			<envvars />
			<debugger />
		</Extensions>
	</Project>
</CodeBlocks_project_file>
